// !$*UTF8*$!
{
	archiveVersion = 1;
	classes = {
	};
	objectVersion = 46;
	objects = {

/* Begin PBXBuildFile section */
		4D4A70C51ABC957A00C7669F /* main.m in Sources */ = {isa = PBXBuildFile; fileRef = 4D4A70C41ABC957A00C7669F /* main.m */; };
		4D4A70C81ABC957A00C7669F /* AppDelegate.m in Sources */ = {isa = PBXBuildFile; fileRef = 4D4A70C71ABC957A00C7669F /* AppDelegate.m */; };
		4D4A70CB1ABC957A00C7669F /* GameScene.m in Sources */ = {isa = PBXBuildFile; fileRef = 4D4A70CA1ABC957A00C7669F /* GameScene.m */; };
		4D4A70CD1ABC957A00C7669F /* GameScene.sks in Resources */ = {isa = PBXBuildFile; fileRef = 4D4A70CC1ABC957A00C7669F /* GameScene.sks */; };
		4D4A70D01ABC957A00C7669F /* GameViewController.m in Sources */ = {isa = PBXBuildFile; fileRef = 4D4A70CF1ABC957A00C7669F /* GameViewController.m */; };
		4D4A70D31ABC957A00C7669F /* Main.storyboard in Resources */ = {isa = PBXBuildFile; fileRef = 4D4A70D11ABC957A00C7669F /* Main.storyboard */; };
		4D4A70D51ABC957A00C7669F /* Images.xcassets in Resources */ = {isa = PBXBuildFile; fileRef = 4D4A70D41ABC957A00C7669F /* Images.xcassets */; };
		4D4A70D81ABC957A00C7669F /* LaunchScreen.xib in Resources */ = {isa = PBXBuildFile; fileRef = 4D4A70D61ABC957A00C7669F /* LaunchScreen.xib */; };
		4D4A70E41ABC957A00C7669F /* SplotchTests.m in Sources */ = {isa = PBXBuildFile; fileRef = 4D4A70E31ABC957A00C7669F /* SplotchTests.m */; };
		4DD2CDB61ACC26F400F55F10 /* StraightWall.m in Sources */ = {isa = PBXBuildFile; fileRef = 4DD2CDB51ACC26F400F55F10 /* StraightWall.m */; };
		4DE7F3D81ACF9BDC0079AB79 /* FunnelWall.m in Sources */ = {isa = PBXBuildFile; fileRef = 4DE7F3D71ACF9BDC0079AB79 /* FunnelWall.m */; };
		4DE941791ABE81490065EF78 /* HeroSprite.m in Sources */ = {isa = PBXBuildFile; fileRef = 4DE941781ABE81490065EF78 /* HeroSprite.m */; };
		4DF5353C1AC9A654003271F5 /* InitialWall.m in Sources */ = {isa = PBXBuildFile; fileRef = 4DF5353B1AC9A654003271F5 /* InitialWall.m */; };
		4DF5353F1AC9C373003271F5 /* SectionNode.m in Sources */ = {isa = PBXBuildFile; fileRef = 4DF5353E1AC9C373003271F5 /* SectionNode.m */; };
		4DF535431AC9C659003271F5 /* Stats.m in Sources */ = {isa = PBXBuildFile; fileRef = 4DF535421AC9C659003271F5 /* Stats.m */; };
/* End PBXBuildFile section */

/* Begin PBXContainerItemProxy section */
		4D4A70DE1ABC957A00C7669F /* PBXContainerItemProxy */ = {
			isa = PBXContainerItemProxy;
			containerPortal = 4D4A70B71ABC957A00C7669F /* Project object */;
			proxyType = 1;
			remoteGlobalIDString = 4D4A70BE1ABC957A00C7669F;
			remoteInfo = Splotch;
		};
/* End PBXContainerItemProxy section */

/* Begin PBXFileReference section */
		4D4A70BF1ABC957A00C7669F /* Splotch.app */ = {isa = PBXFileReference; explicitFileType = wrapper.application; includeInIndex = 0; path = Splotch.app; sourceTree = BUILT_PRODUCTS_DIR; };
		4D4A70C31ABC957A00C7669F /* Info.plist */ = {isa = PBXFileReference; lastKnownFileType = text.plist.xml; path = Info.plist; sourceTree = "<group>"; };
		4D4A70C41ABC957A00C7669F /* main.m */ = {isa = PBXFileReference; lastKnownFileType = sourcecode.c.objc; path = main.m; sourceTree = "<group>"; };
		4D4A70C61ABC957A00C7669F /* AppDelegate.h */ = {isa = PBXFileReference; lastKnownFileType = sourcecode.c.h; path = AppDelegate.h; sourceTree = "<group>"; };
		4D4A70C71ABC957A00C7669F /* AppDelegate.m */ = {isa = PBXFileReference; lastKnownFileType = sourcecode.c.objc; path = AppDelegate.m; sourceTree = "<group>"; };
		4D4A70C91ABC957A00C7669F /* GameScene.h */ = {isa = PBXFileReference; lastKnownFileType = sourcecode.c.h; path = GameScene.h; sourceTree = "<group>"; };
		4D4A70CA1ABC957A00C7669F /* GameScene.m */ = {isa = PBXFileReference; lastKnownFileType = sourcecode.c.objc; path = GameScene.m; sourceTree = "<group>"; };
		4D4A70CC1ABC957A00C7669F /* GameScene.sks */ = {isa = PBXFileReference; lastKnownFileType = file.sks; path = GameScene.sks; sourceTree = "<group>"; };
		4D4A70CE1ABC957A00C7669F /* GameViewController.h */ = {isa = PBXFileReference; lastKnownFileType = sourcecode.c.h; path = GameViewController.h; sourceTree = "<group>"; };
		4D4A70CF1ABC957A00C7669F /* GameViewController.m */ = {isa = PBXFileReference; lastKnownFileType = sourcecode.c.objc; path = GameViewController.m; sourceTree = "<group>"; };
		4D4A70D21ABC957A00C7669F /* Base */ = {isa = PBXFileReference; lastKnownFileType = file.storyboard; name = Base; path = Base.lproj/Main.storyboard; sourceTree = "<group>"; };
		4D4A70D41ABC957A00C7669F /* Images.xcassets */ = {isa = PBXFileReference; lastKnownFileType = folder.assetcatalog; path = Images.xcassets; sourceTree = "<group>"; };
		4D4A70D71ABC957A00C7669F /* Base */ = {isa = PBXFileReference; lastKnownFileType = file.xib; name = Base; path = Base.lproj/LaunchScreen.xib; sourceTree = "<group>"; };
		4D4A70DD1ABC957A00C7669F /* SplotchTests.xctest */ = {isa = PBXFileReference; explicitFileType = wrapper.cfbundle; includeInIndex = 0; path = SplotchTests.xctest; sourceTree = BUILT_PRODUCTS_DIR; };
		4D4A70E21ABC957A00C7669F /* Info.plist */ = {isa = PBXFileReference; lastKnownFileType = text.plist.xml; path = Info.plist; sourceTree = "<group>"; };
		4D4A70E31ABC957A00C7669F /* SplotchTests.m */ = {isa = PBXFileReference; lastKnownFileType = sourcecode.c.objc; path = SplotchTests.m; sourceTree = "<group>"; };
		4DD2CDB41ACC26F400F55F10 /* StraightWall.h */ = {isa = PBXFileReference; fileEncoding = 4; lastKnownFileType = sourcecode.c.h; path = StraightWall.h; sourceTree = "<group>"; };
		4DD2CDB51ACC26F400F55F10 /* StraightWall.m */ = {isa = PBXFileReference; fileEncoding = 4; lastKnownFileType = sourcecode.c.objc; path = StraightWall.m; sourceTree = "<group>"; };
		4DE7F3D61ACF9BDC0079AB79 /* FunnelWall.h */ = {isa = PBXFileReference; fileEncoding = 4; lastKnownFileType = sourcecode.c.h; path = FunnelWall.h; sourceTree = "<group>"; };
		4DE7F3D71ACF9BDC0079AB79 /* FunnelWall.m */ = {isa = PBXFileReference; fileEncoding = 4; lastKnownFileType = sourcecode.c.objc; path = FunnelWall.m; sourceTree = "<group>"; };
		4DE941771ABE81490065EF78 /* HeroSprite.h */ = {isa = PBXFileReference; fileEncoding = 4; lastKnownFileType = sourcecode.c.h; path = HeroSprite.h; sourceTree = "<group>"; };
		4DE941781ABE81490065EF78 /* HeroSprite.m */ = {isa = PBXFileReference; fileEncoding = 4; lastKnownFileType = sourcecode.c.objc; path = HeroSprite.m; sourceTree = "<group>"; };
		4DF5353A1AC9A654003271F5 /* InitialWall.h */ = {isa = PBXFileReference; fileEncoding = 4; lastKnownFileType = sourcecode.c.h; path = InitialWall.h; sourceTree = "<group>"; };
		4DF5353B1AC9A654003271F5 /* InitialWall.m */ = {isa = PBXFileReference; fileEncoding = 4; lastKnownFileType = sourcecode.c.objc; path = InitialWall.m; sourceTree = "<group>"; };
		4DF5353D1AC9C373003271F5 /* SectionNode.h */ = {isa = PBXFileReference; fileEncoding = 4; lastKnownFileType = sourcecode.c.h; path = SectionNode.h; sourceTree = "<group>"; };
		4DF5353E1AC9C373003271F5 /* SectionNode.m */ = {isa = PBXFileReference; fileEncoding = 4; lastKnownFileType = sourcecode.c.objc; path = SectionNode.m; sourceTree = "<group>"; };
		4DF535411AC9C659003271F5 /* Stats.h */ = {isa = PBXFileReference; fileEncoding = 4; lastKnownFileType = sourcecode.c.h; path = Stats.h; sourceTree = "<group>"; };
		4DF535421AC9C659003271F5 /* Stats.m */ = {isa = PBXFileReference; fileEncoding = 4; lastKnownFileType = sourcecode.c.objc; path = Stats.m; sourceTree = "<group>"; };
/* End PBXFileReference section */

/* Begin PBXFrameworksBuildPhase section */
		4D4A70BC1ABC957A00C7669F /* Frameworks */ = {
			isa = PBXFrameworksBuildPhase;
			buildActionMask = 2147483647;
			files = (
			);
			runOnlyForDeploymentPostprocessing = 0;
		};
		4D4A70DA1ABC957A00C7669F /* Frameworks */ = {
			isa = PBXFrameworksBuildPhase;
			buildActionMask = 2147483647;
			files = (
			);
			runOnlyForDeploymentPostprocessing = 0;
		};
/* End PBXFrameworksBuildPhase section */

/* Begin PBXGroup section */
		4D4A70B61ABC957A00C7669F = {
			isa = PBXGroup;
			children = (
				4D4A70C11ABC957A00C7669F /* Splotch */,
				4D4A70E01ABC957A00C7669F /* SplotchTests */,
				4D4A70C01ABC957A00C7669F /* Products */,
			);
			sourceTree = "<group>";
		};
		4D4A70C01ABC957A00C7669F /* Products */ = {
			isa = PBXGroup;
			children = (
				4D4A70BF1ABC957A00C7669F /* Splotch.app */,
				4D4A70DD1ABC957A00C7669F /* SplotchTests.xctest */,
			);
			name = Products;
			sourceTree = "<group>";
		};
		4D4A70C11ABC957A00C7669F /* Splotch */ = {
			isa = PBXGroup;
			children = (
				4DF535401AC9C64C003271F5 /* Stats */,
				4DE9417B1ABE83820065EF78 /* Walls */,
				4DE9417A1ABE83600065EF78 /* Hero */,
				4D4A70C61ABC957A00C7669F /* AppDelegate.h */,
				4D4A70C71ABC957A00C7669F /* AppDelegate.m */,
				4D4A70C91ABC957A00C7669F /* GameScene.h */,
				4D4A70CA1ABC957A00C7669F /* GameScene.m */,
				4D4A70CC1ABC957A00C7669F /* GameScene.sks */,
				4D4A70CE1ABC957A00C7669F /* GameViewController.h */,
				4D4A70CF1ABC957A00C7669F /* GameViewController.m */,
				4D4A70D11ABC957A00C7669F /* Main.storyboard */,
				4D4A70D41ABC957A00C7669F /* Images.xcassets */,
				4D4A70D61ABC957A00C7669F /* LaunchScreen.xib */,
				4D4A70C21ABC957A00C7669F /* Supporting Files */,
			);
			path = Splotch;
			sourceTree = "<group>";
		};
		4D4A70C21ABC957A00C7669F /* Supporting Files */ = {
			isa = PBXGroup;
			children = (
				4D4A70C31ABC957A00C7669F /* Info.plist */,
				4D4A70C41ABC957A00C7669F /* main.m */,
			);
			name = "Supporting Files";
			sourceTree = "<group>";
		};
		4D4A70E01ABC957A00C7669F /* SplotchTests */ = {
			isa = PBXGroup;
			children = (
				4D4A70E31ABC957A00C7669F /* SplotchTests.m */,
				4D4A70E11ABC957A00C7669F /* Supporting Files */,
			);
			path = SplotchTests;
			sourceTree = "<group>";
		};
		4D4A70E11ABC957A00C7669F /* Supporting Files */ = {
			isa = PBXGroup;
			children = (
				4D4A70E21ABC957A00C7669F /* Info.plist */,
			);
			name = "Supporting Files";
			sourceTree = "<group>";
		};
		4DE9417A1ABE83600065EF78 /* Hero */ = {
			isa = PBXGroup;
			children = (
				4DE941771ABE81490065EF78 /* HeroSprite.h */,
				4DE941781ABE81490065EF78 /* HeroSprite.m */,
			);
			name = Hero;
			sourceTree = "<group>";
		};
		4DE9417B1ABE83820065EF78 /* Walls */ = {
			isa = PBXGroup;
			children = (
				4DF5353A1AC9A654003271F5 /* InitialWall.h */,
				4DF5353B1AC9A654003271F5 /* InitialWall.m */,
				4DF5353D1AC9C373003271F5 /* SectionNode.h */,
				4DF5353E1AC9C373003271F5 /* SectionNode.m */,
				4DD2CDB41ACC26F400F55F10 /* StraightWall.h */,
				4DD2CDB51ACC26F400F55F10 /* StraightWall.m */,
				4DE7F3D61ACF9BDC0079AB79 /* FunnelWall.h */,
				4DE7F3D71ACF9BDC0079AB79 /* FunnelWall.m */,
			);
			name = Walls;
			sourceTree = "<group>";
		};
		4DF535401AC9C64C003271F5 /* Stats */ = {
			isa = PBXGroup;
			children = (
				4DF535411AC9C659003271F5 /* Stats.h */,
				4DF535421AC9C659003271F5 /* Stats.m */,
			);
			name = Stats;
			sourceTree = "<group>";
		};
/* End PBXGroup section */

/* Begin PBXNativeTarget section */
		4D4A70BE1ABC957A00C7669F /* Splotch */ = {
			isa = PBXNativeTarget;
			buildConfigurationList = 4D4A70E71ABC957A00C7669F /* Build configuration list for PBXNativeTarget "Splotch" */;
			buildPhases = (
				4D4A70BB1ABC957A00C7669F /* Sources */,
				4D4A70BC1ABC957A00C7669F /* Frameworks */,
				4D4A70BD1ABC957A00C7669F /* Resources */,
			);
			buildRules = (
			);
			dependencies = (
			);
			name = Splotch;
			productName = Splotch;
			productReference = 4D4A70BF1ABC957A00C7669F /* Splotch.app */;
			productType = "com.apple.product-type.application";
		};
		4D4A70DC1ABC957A00C7669F /* SplotchTests */ = {
			isa = PBXNativeTarget;
			buildConfigurationList = 4D4A70EA1ABC957A00C7669F /* Build configuration list for PBXNativeTarget "SplotchTests" */;
			buildPhases = (
				4D4A70D91ABC957A00C7669F /* Sources */,
				4D4A70DA1ABC957A00C7669F /* Frameworks */,
				4D4A70DB1ABC957A00C7669F /* Resources */,
			);
			buildRules = (
			);
			dependencies = (
				4D4A70DF1ABC957A00C7669F /* PBXTargetDependency */,
			);
			name = SplotchTests;
			productName = SplotchTests;
			productReference = 4D4A70DD1ABC957A00C7669F /* SplotchTests.xctest */;
			productType = "com.apple.product-type.bundle.unit-test";
		};
/* End PBXNativeTarget section */

/* Begin PBXProject section */
		4D4A70B71ABC957A00C7669F /* Project object */ = {
			isa = PBXProject;
			attributes = {
				LastUpgradeCheck = 0620;
				ORGANIZATIONNAME = "Andrew Robinson";
				TargetAttributes = {
					4D4A70BE1ABC957A00C7669F = {
						CreatedOnToolsVersion = 6.2;
						DevelopmentTeam = W32V57Q5XB;
					};
					4D4A70DC1ABC957A00C7669F = {
						CreatedOnToolsVersion = 6.2;
						TestTargetID = 4D4A70BE1ABC957A00C7669F;
					};
				};
			};
			buildConfigurationList = 4D4A70BA1ABC957A00C7669F /* Build configuration list for PBXProject "Splotch" */;
			compatibilityVersion = "Xcode 3.2";
			developmentRegion = English;
			hasScannedForEncodings = 0;
			knownRegions = (
				en,
				Base,
			);
			mainGroup = 4D4A70B61ABC957A00C7669F;
			productRefGroup = 4D4A70C01ABC957A00C7669F /* Products */;
			projectDirPath = "";
			projectRoot = "";
			targets = (
				4D4A70BE1ABC957A00C7669F /* Splotch */,
				4D4A70DC1ABC957A00C7669F /* SplotchTests */,
			);
		};
/* End PBXProject section */

/* Begin PBXResourcesBuildPhase section */
		4D4A70BD1ABC957A00C7669F /* Resources */ = {
			isa = PBXResourcesBuildPhase;
			buildActionMask = 2147483647;
			files = (
				4D4A70D81ABC957A00C7669F /* LaunchScreen.xib in Resources */,
				4D4A70D51ABC957A00C7669F /* Images.xcassets in Resources */,
				4D4A70CD1ABC957A00C7669F /* GameScene.sks in Resources */,
				4D4A70D31ABC957A00C7669F /* Main.storyboard in Resources */,
			);
			runOnlyForDeploymentPostprocessing = 0;
		};
		4D4A70DB1ABC957A00C7669F /* Resources */ = {
			isa = PBXResourcesBuildPhase;
			buildActionMask = 2147483647;
			files = (
			);
			runOnlyForDeploymentPostprocessing = 0;
		};
/* End PBXResourcesBuildPhase section */

/* Begin PBXSourcesBuildPhase section */
		4D4A70BB1ABC957A00C7669F /* Sources */ = {
			isa = PBXSourcesBuildPhase;
			buildActionMask = 2147483647;
			files = (
				4D4A70D01ABC957A00C7669F /* GameViewController.m in Sources */,
				4DF535431AC9C659003271F5 /* Stats.m in Sources */,
				4DF5353F1AC9C373003271F5 /* SectionNode.m in Sources */,
				4D4A70C81ABC957A00C7669F /* AppDelegate.m in Sources */,
				4DF5353C1AC9A654003271F5 /* InitialWall.m in Sources */,
				4D4A70CB1ABC957A00C7669F /* GameScene.m in Sources */,
				4DD2CDB61ACC26F400F55F10 /* StraightWall.m in Sources */,
				4D4A70C51ABC957A00C7669F /* main.m in Sources */,
				4DE941791ABE81490065EF78 /* HeroSprite.m in Sources */,
				4DE7F3D81ACF9BDC0079AB79 /* FunnelWall.m in Sources */,
			);
			runOnlyForDeploymentPostprocessing = 0;
		};
		4D4A70D91ABC957A00C7669F /* Sources */ = {
			isa = PBXSourcesBuildPhase;
			buildActionMask = 2147483647;
			files = (
				4D4A70E41ABC957A00C7669F /* SplotchTests.m in Sources */,
			);
			runOnlyForDeploymentPostprocessing = 0;
		};
/* End PBXSourcesBuildPhase section */

/* Begin PBXTargetDependency section */
		4D4A70DF1ABC957A00C7669F /* PBXTargetDependency */ = {
			isa = PBXTargetDependency;
			target = 4D4A70BE1ABC957A00C7669F /* Splotch */;
			targetProxy = 4D4A70DE1ABC957A00C7669F /* PBXContainerItemProxy */;
		};
/* End PBXTargetDependency section */

/* Begin PBXVariantGroup section */
		4D4A70D11ABC957A00C7669F /* Main.storyboard */ = {
			isa = PBXVariantGroup;
			children = (
				4D4A70D21ABC957A00C7669F /* Base */,
			);
			name = Main.storyboard;
			sourceTree = "<group>";
		};
		4D4A70D61ABC957A00C7669F /* LaunchScreen.xib */ = {
			isa = PBXVariantGroup;
			children = (
				4D4A70D71ABC957A00C7669F /* Base */,
			);
			name = LaunchScreen.xib;
			sourceTree = "<group>";
		};
/* End PBXVariantGroup section */

/* Begin XCBuildConfiguration section */
		4D4A70E51ABC957A00C7669F /* Debug */ = {
			isa = XCBuildConfiguration;
			buildSettings = {
				ALWAYS_SEARCH_USER_PATHS = NO;
				CLANG_CXX_LANGUAGE_STANDARD = "gnu++0x";
				CLANG_CXX_LIBRARY = "libc++";
				CLANG_ENABLE_MODULES = YES;
				CLANG_ENABLE_OBJC_ARC = YES;
				CLANG_WARN_BOOL_CONVERSION = YES;
				CLANG_WARN_CONSTANT_CONVERSION = YES;
				CLANG_WARN_DIRECT_OBJC_ISA_USAGE = YES_ERROR;
				CLANG_WARN_EMPTY_BODY = YES;
				CLANG_WARN_ENUM_CONVERSION = YES;
				CLANG_WARN_INT_CONVERSION = YES;
				CLANG_WARN_OBJC_ROOT_CLASS = YES_ERROR;
				CLANG_WARN_UNREACHABLE_CODE = YES;
				CLANG_WARN__DUPLICATE_METHOD_MATCH = YES;
				"CODE_SIGN_IDENTITY[sdk=iphoneos*]" = "iPhone Developer";
				COPY_PHASE_STRIP = NO;
				ENABLE_STRICT_OBJC_MSGSEND = YES;
				GCC_C_LANGUAGE_STANDARD = gnu99;
				GCC_DYNAMIC_NO_PIC = NO;
				GCC_OPTIMIZATION_LEVEL = 0;
				GCC_PREPROCESSOR_DEFINITIONS = (
					"DEBUG=1",
					"$(inherited)",
				);
				GCC_SYMBOLS_PRIVATE_EXTERN = NO;
				GCC_WARN_64_TO_32_BIT_CONVERSION = YES;
				GCC_WARN_ABOUT_RETURN_TYPE = YES_ERROR;
				GCC_WARN_UNDECLARED_SELECTOR = YES;
				GCC_WARN_UNINITIALIZED_AUTOS = YES_AGGRESSIVE;
				GCC_WARN_UNUSED_FUNCTION = YES;
				GCC_WARN_UNUSED_VARIABLE = YES;
				IPHONEOS_DEPLOYMENT_TARGET = 8.0;
				MTL_ENABLE_DEBUG_INFO = YES;
				ONLY_ACTIVE_ARCH = YES;
				SDKROOT = iphoneos;
				TARGETED_DEVICE_FAMILY = "1,2";
			};
			name = Debug;
		};
		4D4A70E61ABC957A00C7669F /* Release */ = {
			isa = XCBuildConfiguration;
			buildSettings = {
				ALWAYS_SEARCH_USER_PATHS = NO;
				CLANG_CXX_LANGUAGE_STANDARD = "gnu++0x";
				CLANG_CXX_LIBRARY = "libc++";
				CLANG_ENABLE_MODULES = YES;
				CLANG_ENABLE_OBJC_ARC = YES;
				CLANG_WARN_BOOL_CONVERSION = YES;
				CLANG_WARN_CONSTANT_CONVERSION = YES;
				CLANG_WARN_DIRECT_OBJC_ISA_USAGE = YES_ERROR;
				CLANG_WARN_EMPTY_BODY = YES;
				CLANG_WARN_ENUM_CONVERSION = YES;
				CLANG_WARN_INT_CONVERSION = YES;
				CLANG_WARN_OBJC_ROOT_CLASS = YES_ERROR;
				CLANG_WARN_UNREACHABLE_CODE = YES;
				CLANG_WARN__DUPLICATE_METHOD_MATCH = YES;
				"CODE_SIGN_IDENTITY[sdk=iphoneos*]" = "iPhone Developer";
				COPY_PHASE_STRIP = NO;
				ENABLE_NS_ASSERTIONS = NO;
				ENABLE_STRICT_OBJC_MSGSEND = YES;
				GCC_C_LANGUAGE_STANDARD = gnu99;
				GCC_WARN_64_TO_32_BIT_CONVERSION = YES;
				GCC_WARN_ABOUT_RETURN_TYPE = YES_ERROR;
				GCC_WARN_UNDECLARED_SELECTOR = YES;
				GCC_WARN_UNINITIALIZED_AUTOS = YES_AGGRESSIVE;
				GCC_WARN_UNUSED_FUNCTION = YES;
				GCC_WARN_UNUSED_VARIABLE = YES;
				IPHONEOS_DEPLOYMENT_TARGET = 8.0;
				MTL_ENABLE_DEBUG_INFO = NO;
				SDKROOT = iphoneos;
				TARGETED_DEVICE_FAMILY = "1,2";
				VALIDATE_PRODUCT = YES;
			};
			name = Release;
		};
		4D4A70E81ABC957A00C7669F /* Debug */ = {
			isa = XCBuildConfiguration;
			buildSettings = {
				ASSETCATALOG_COMPILER_APPICON_NAME = AppIcon;
				CODE_SIGN_IDENTITY = "iPhone Developer";
				INFOPLIST_FILE = Splotch/Info.plist;
				LD_RUNPATH_SEARCH_PATHS = "$(inherited) @executable_path/Frameworks";
				PRODUCT_NAME = "$(TARGET_NAME)";
			};
			name = Debug;
		};
		4D4A70E91ABC957A00C7669F /* Release */ = {
			isa = XCBuildConfiguration;
			buildSettings = {
				ASSETCATALOG_COMPILER_APPICON_NAME = AppIcon;
				CODE_SIGN_IDENTITY = "iPhone Developer";
				INFOPLIST_FILE = Splotch/Info.plist;
				LD_RUNPATH_SEARCH_PATHS = "$(inherited) @executable_path/Frameworks";
				PRODUCT_NAME = "$(TARGET_NAME)";
			};
			name = Release;
		};
		4D4A70EB1ABC957A00C7669F /* Debug */ = {
			isa = XCBuildConfiguration;
			buildSettings = {
				BUNDLE_LOADER = "$(TEST_HOST)";
				FRAMEWORK_SEARCH_PATHS = (
					"$(SDKROOT)/Developer/Library/Frameworks",
					"$(inherited)",
				);
				GCC_PREPROCESSOR_DEFINITIONS = (
					"DEBUG=1",
					"$(inherited)",
				);
				INFOPLIST_FILE = SplotchTests/Info.plist;
				LD_RUNPATH_SEARCH_PATHS = "$(inherited) @executable_path/Frameworks @loader_path/Frameworks";
				PRODUCT_NAME = "$(TARGET_NAME)";
				TEST_HOST = "$(BUILT_PRODUCTS_DIR)/Splotch.app/Splotch";
			};
			name = Debug;
		};
		4D4A70EC1ABC957A00C7669F /* Release */ = {
			isa = XCBuildConfiguration;
			buildSettings = {
				BUNDLE_LOADER = "$(TEST_HOST)";
				FRAMEWORK_SEARCH_PATHS = (
					"$(SDKROOT)/Developer/Library/Frameworks",
					"$(inherited)",
				);
				INFOPLIST_FILE = SplotchTests/Info.plist;
				LD_RUNPATH_SEARCH_PATHS = "$(inherited) @executable_path/Frameworks @loader_path/Frameworks";
				PRODUCT_NAME = "$(TARGET_NAME)";
				TEST_HOST = "$(BUILT_PRODUCTS_DIR)/Splotch.app/Splotch";
			};
			name = Release;
		};
/* End XCBuildConfiguration section */

/* Begin XCConfigurationList section */
		4D4A70BA1ABC957A00C7669F /* Build configuration list for PBXProject "Splotch" */ = {
			isa = XCConfigurationList;
			buildConfigurations = (
				4D4A70E51ABC957A00C7669F /* Debug */,
				4D4A70E61ABC957A00C7669F /* Release */,
			);
			defaultConfigurationIsVisible = 0;
			defaultConfigurationName = Release;
		};
		4D4A70E71ABC957A00C7669F /* Build configuration list for PBXNativeTarget "Splotch" */ = {
			isa = XCConfigurationList;
			buildConfigurations = (
				4D4A70E81ABC957A00C7669F /* Debug */,
				4D4A70E91ABC957A00C7669F /* Release */,
			);
			defaultConfigurationIsVisible = 0;
			defaultConfigurationName = Release;
		};
		4D4A70EA1ABC957A00C7669F /* Build configuration list for PBXNativeTarget "SplotchTests" */ = {
			isa = XCConfigurationList;
			buildConfigurations = (
				4D4A70EB1ABC957A00C7669F /* Debug */,
				4D4A70EC1ABC957A00C7669F /* Release */,
			);
			defaultConfigurationIsVisible = 0;
			defaultConfigurationName = Release;
		};
/* End XCConfigurationList section */
	};
	rootObject = 4D4A70B71ABC957A00C7669F /* Project object */;
}
